<?xml version="1.0" encoding="utf-8"?>
<Project ToolsVersion="4.0" xmlns="http://schemas.microsoft.com/developer/msbuild/2003">
  <ItemGroup>
    <ClCompile Include="Example\Main.cpp" />
    <ClCompile Include="Engine\Level.cpp">
      <Filter>Engine</Filter>
    </ClCompile>
    <ClCompile Include="Engine\Camera.cpp">
      <Filter>Engine</Filter>
    </ClCompile>
    <ClCompile Include="Engine\Engine.cpp">
      <Filter>Engine</Filter>
    </ClCompile>
    <ClCompile Include="Engine\ImageManager.cpp">
      <Filter>Engine</Filter>
    </ClCompile>
    <ClCompile Include="Engine\Tile.cpp">
      <Filter>Engine</Filter>
    </ClCompile>
  </ItemGroup>
  <ItemGroup>
    <ClInclude Include="Engine\Engine.h">
      <Filter>Headers</Filter>
    </ClInclude>
    <ClInclude Include="Engine\Camera.h">
      <Filter>Headers</Filter>
    </ClInclude>
    <ClInclude Include="Engine\ImageManager.h">
      <Filter>Headers</Filter>
    </ClInclude>
    <ClInclude Include="Engine\Level.h">
      <Filter>Headers</Filter>
    </ClInclude>
    <ClInclude Include="Engine\Tile.h">
      <Filter>Headers</Filter>
    </ClInclude>
    <ClInclude Include="Engine\Position.h">
      <Filter>Headers</Filter>
    </ClInclude>
  </ItemGroup>
  <ItemGroup>
    <Xml Include="Assets\level1.xml">
      <Filter>Assets</Filter>
    </Xml>
    <Xml Include="Assets\tileset.xml">
      <Filter>Assets</Filter>
    </Xml>
  </ItemGroup>
  <ItemGroup>
    <Image Include="Assets\TestSprite.png">
      <Filter>Assets</Filter>
    </Image>
    <Image Include="Assets\tileset.png">
      <Filter>Assets</Filter>
    </Image>
  </ItemGroup>
  <ItemGroup>
    <Filter Include="Headers">
      <UniqueIdentifier>{3a52bf85-8992-4d41-a981-306edf425f5c}</UniqueIdentifier>
    </Filter>
    <Filter Include="Assets">
      <UniqueIdentifier>{aab9b3a2-97e7-48ec-99c7-33defa07a138}</UniqueIdentifier>
    </Filter>
    <Filter Include="Engine">
      <UniqueIdentifier>{cf34520c-a429-48a2-b54b-621fe90d6572}</UniqueIdentifier>
    </Filter>
  </ItemGroup>
  <ItemGroup>
    <None Include="packages.config" />
  </ItemGroup>
</Project>